
Microsoft Visual Studio Solution File, Format Version 12.00
# Visual Studio Version 17
VisualStudioVersion = 17.11.35327.3
MinimumVisualStudioVersion = 10.0.40219.1
Project("{9A19103F-16F7-4668-BE54-9A1E7A4F7556}") = "AlgorizaProject", "Algoriza Project\AlgorizaProject.csproj", "{ECDD5E99-0047-495A-BD9E-95B49193E69B}"
EndProject
Project("{9A19103F-16F7-4668-BE54-9A1E7A4F7556}") = "Domain", "Domain\Domain.csproj", "{313821E5-CB06-44AD-A643-DD5D87E83321}"
EndProject
Project("{9A19103F-16F7-4668-BE54-9A1E7A4F7556}") = "Repository", "Repository\Repository.csproj", "{71CF2D2D-3AE6-4CB5-8E29-3A891704B7E7}"
EndProject
Project("{9A19103F-16F7-4668-BE54-9A1E7A4F7556}") = "Service", "Service\Service.csproj", "{7AC3E925-A606-4097-9AC1-29430A716BE6}"
EndProject
Project("{E53339B2-1760-4266-BCC7-CA923CBCF16C}") = "docker-compose", "docker-compose.dcproj", "{784E74BA-A49E-41EB-B755-C97CEB57FF2F}"
EndProject
Global
	GlobalSection(SolutionConfigurationPlatforms) = preSolution
		Debug|Any CPU = Debug|Any CPU
		Release|Any CPU = Release|Any CPU
	EndGlobalSection
	GlobalSection(ProjectConfigurationPlatforms) = postSolution
		{ECDD5E99-0047-495A-BD9E-95B49193E69B}.Debug|Any CPU.ActiveCfg = Debug|Any CPU
		{ECDD5E99-0047-495A-BD9E-95B49193E69B}.Debug|Any CPU.Build.0 = Debug|Any CPU
		{ECDD5E99-0047-495A-BD9E-95B49193E69B}.Release|Any CPU.ActiveCfg = Release|Any CPU
		{ECDD5E99-0047-495A-BD9E-95B49193E69B}.Release|Any CPU.Build.0 = Release|Any CPU
		{313821E5-CB06-44AD-A643-DD5D87E83321}.Debug|Any CPU.ActiveCfg = Debug|Any CPU
		{313821E5-CB06-44AD-A643-DD5D87E83321}.Debug|Any CPU.Build.0 = Debug|Any CPU
		{313821E5-CB06-44AD-A643-DD5D87E83321}.Release|Any CPU.ActiveCfg = Release|Any CPU
		{313821E5-CB06-44AD-A643-DD5D87E83321}.Release|Any CPU.Build.0 = Release|Any CPU
		{71CF2D2D-3AE6-4CB5-8E29-3A891704B7E7}.Debug|Any CPU.ActiveCfg = Debug|Any CPU
		{71CF2D2D-3AE6-4CB5-8E29-3A891704B7E7}.Debug|Any CPU.Build.0 = Debug|Any CPU
		{71CF2D2D-3AE6-4CB5-8E29-3A891704B7E7}.Release|Any CPU.ActiveCfg = Release|Any CPU
		{71CF2D2D-3AE6-4CB5-8E29-3A891704B7E7}.Release|Any CPU.Build.0 = Release|Any CPU
		{7AC3E925-A606-4097-9AC1-29430A716BE6}.Debug|Any CPU.ActiveCfg = Debug|Any CPU
		{7AC3E925-A606-4097-9AC1-29430A716BE6}.Debug|Any CPU.Build.0 = Debug|Any CPU
		{7AC3E925-A606-4097-9AC1-29430A716BE6}.Release|Any CPU.ActiveCfg = Release|Any CPU
		{7AC3E925-A606-4097-9AC1-29430A716BE6}.Release|Any CPU.Build.0 = Release|Any CPU
		{784E74BA-A49E-41EB-B755-C97CEB57FF2F}.Debug|Any CPU.ActiveCfg = Debug|Any CPU
		{784E74BA-A49E-41EB-B755-C97CEB57FF2F}.Debug|Any CPU.Build.0 = Debug|Any CPU
		{784E74BA-A49E-41EB-B755-C97CEB57FF2F}.Release|Any CPU.ActiveCfg = Release|Any CPU
		{784E74BA-A49E-41EB-B755-C97CEB57FF2F}.Release|Any CPU.Build.0 = Release|Any CPU
	EndGlobalSection
	GlobalSection(SolutionProperties) = preSolution
		HideSolutionNode = FALSE
	EndGlobalSection
	GlobalSection(ExtensibilityGlobals) = postSolution
		SolutionGuid = {3E1523B5-031F-49F5-9195-5894BE65D3AA}
	EndGlobalSection
EndGlobal
